{
  "pins" : [
    {
      "identity" : "swift-package-manager-google-mobile-ads",
      "kind" : "remoteSourceControl",
      "location" : "https://github.com/googleads/swift-package-manager-google-mobile-ads.git",
      "state" : {
        "revision" : "4668daa078c7e104df9f5b8a80a7638cab19bb4e",
        "version" : "11.0.1"
      }
    },
    {
      "identity" : "swift-package-manager-google-user-messaging-platform",
      "kind" : "remoteSourceControl",
      "location" : "https://github.com/googleads/swift-package-manager-google-user-messaging-platform.git",
      "state" : {
        "revision" : "129fa838520cd02174f890ae0cfe0242e60714ae",
        "version" : "2.1.0"
      }
    }
  ],
  "version" : 2
}
